{
  "name": "react-jed-component",
  "version": "0.0.3",
  "lockfileVersion": 1,
  "requires": true,
  "dependencies": {
    "@types/react": {
      "version": "16.0.7",
      "resolved": "https://registry.npmjs.org/@types/react/-/react-16.0.7.tgz",
      "integrity": "sha512-Vr5XUgjHNraqpS3pl9JiL95kFWomoMW5A0zWz/NNMPRM3ifv82EXjjGPE4gs2hrNE1X8oz31eR4G8PUav413fQ==",
      "dev": true
    },
    "jed": {
      "version": "1.1.1",
      "resolved": "https://registry.npmjs.org/jed/-/jed-1.1.1.tgz",
      "integrity": "sha1-elSbvZ/+FYWwzQoZHiAwVb7ldLQ="
    },
    "typescript": {
      "version": "2.5.3",
      "resolved": "https://registry.npmjs.org/typescript/-/typescript-2.5.3.tgz",
      "integrity": "sha512-ptLSQs2S4QuS6/OD1eAKG+S5G8QQtrU5RT32JULdZQtM1L3WTi34Wsu48Yndzi8xsObRAB9RPt/KhA9wlpEF6w==",
      "dev": true
    }
  }
}
